
Microsoft Visual Studio Solution File, Format Version 12.00
# Visual Studio 14
VisualStudioVersion = 14.0.24720.0
MinimumVisualStudioVersion = 10.0.40219.1
Project("{FAE04EC0-301F-11D3-BF4B-00C04F79EFBC}") = "YoursTruly", "YoursTruly\YoursTruly.csproj", "{14260474-E5D3-413B-916B-73C1E73161D1}"
EndProject
Project("{FAE04EC0-301F-11D3-BF4B-00C04F79EFBC}") = "YoursTruly.Tests", "YoursTruly.Tests\YoursTruly.Tests.csproj", "{6E2D9E99-69E2-4670-91F1-F4FC91F5DFAE}"
EndProject
Global
	GlobalSection(SolutionConfigurationPlatforms) = preSolution
		Debug|Any CPU = Debug|Any CPU
		Release|Any CPU = Release|Any CPU
	EndGlobalSection
	GlobalSection(ProjectConfigurationPlatforms) = postSolution
		{14260474-E5D3-413B-916B-73C1E73161D1}.Debug|Any CPU.ActiveCfg = Debug|Any CPU
		{14260474-E5D3-413B-916B-73C1E73161D1}.Debug|Any CPU.Build.0 = Debug|Any CPU
		{14260474-E5D3-413B-916B-73C1E73161D1}.Release|Any CPU.ActiveCfg = Release|Any CPU
		{14260474-E5D3-413B-916B-73C1E73161D1}.Release|Any CPU.Build.0 = Release|Any CPU
		{6E2D9E99-69E2-4670-91F1-F4FC91F5DFAE}.Debug|Any CPU.ActiveCfg = Debug|Any CPU
		{6E2D9E99-69E2-4670-91F1-F4FC91F5DFAE}.Debug|Any CPU.Build.0 = Debug|Any CPU
		{6E2D9E99-69E2-4670-91F1-F4FC91F5DFAE}.Release|Any CPU.ActiveCfg = Release|Any CPU
		{6E2D9E99-69E2-4670-91F1-F4FC91F5DFAE}.Release|Any CPU.Build.0 = Release|Any CPU
	EndGlobalSection
	GlobalSection(SolutionProperties) = preSolution
		HideSolutionNode = FALSE
	EndGlobalSection
EndGlobal
